version = 1
revision = 3
requires-python = ">=3.12"

[[package]]
name = "colorama"
version = "0.4.6"
source = { registry = "https://pypi.org/simple" }
sdist = { url = "https://files.pythonhosted.org/packages/d8/53/6f443c9a4a8358a93a6792e2acffb9d9d5cb0a5cfd8802644b7b1c9a02e4/colorama-0.4.6.tar.gz", hash = "sha256:08695f5cb7ed6e0531a20572697297273c47b8cae5a63ffc6d6ed5c201be6e44", size = 27697, upload-time = "2022-10-25T02:36:22.414Z" }
wheels = [
    { url = "https://files.pythonhosted.org/packages/d1/d6/3965ed04c63042e047cb6a3e6ed1a63a35087b6a609aa3a15ed8ac56c221/colorama-0.4.6-py2.py3-none-any.whl", hash = "sha256:4f1d9991f5acc0ca119f9d443620b77f9d6b33703e51011c16baf57afb285fc6", size = 25335, upload-time = "2022-10-25T02:36:20.889Z" },
]

[[package]]
name = "loguru"
version = "0.7.3"
source = { registry = "https://pypi.org/simple" }
dependencies = [
    { name = "colorama", marker = "sys_platform == 'win32'" },
    { name = "win32-setctime", marker = "sys_platform == 'win32'" },
]
sdist = { url = "https://files.pythonhosted.org/packages/3a/05/a1dae3dffd1116099471c643b8924f5aa6524411dc6c63fdae648c4f1aca/loguru-0.7.3.tar.gz", hash = "sha256:19480589e77d47b8d85b2c827ad95d49bf31b0dcde16593892eb51dd18706eb6", size = 63559, upload-time = "2024-12-06T11:20:56.608Z" }
wheels = [
    { url = "https://files.pythonhosted.org/packages/0c/29/0348de65b8cc732daa3e33e67806420b2ae89bdce2b04af740289c5c6c8c/loguru-0.7.3-py3-none-any.whl", hash = "sha256:31a33c10c8e1e10422bfd431aeb5d351c7cf7fa671e3c4df004162264b28220c", size = 61595, upload-time = "2024-12-06T11:20:54.538Z" },
]

[[package]]
name = "meter"
version = "0.1.0"
source = { editable = "." }
dependencies = [
    { name = "loguru" },
    { name = "paho-mqtt" },
    { name = "polars" },
]

[package.metadata]
requires-dist = [
    { name = "loguru", specifier = ">=0.7.3" },
    { name = "paho-mqtt", specifier = ">=2.1.0" },
    { name = "polars", specifier = ">=1.39.3" },
]

[[package]]
name = "paho-mqtt"
version = "2.1.0"
source = { registry = "https://pypi.org/simple" }
sdist = { url = "https://files.pythonhosted.org/packages/39/15/0a6214e76d4d32e7f663b109cf71fb22561c2be0f701d67f93950cd40542/paho_mqtt-2.1.0.tar.gz", hash = "sha256:12d6e7511d4137555a3f6ea167ae846af2c7357b10bc6fa4f7c3968fc1723834", size = 148848, upload-time = "2024-04-29T19:52:55.591Z" }
wheels = [
    { url = "https://files.pythonhosted.org/packages/c4/cb/00451c3cf31790287768bb12c6bec834f5d292eaf3022afc88e14b8afc94/paho_mqtt-2.1.0-py3-none-any.whl", hash = "sha256:6db9ba9b34ed5bc6b6e3812718c7e06e2fd7444540df2455d2c51bd58808feee", size = 67219, upload-time = "2024-04-29T19:52:48.345Z" },
]

[[package]]
name = "polars"
version = "1.39.3"
source = { registry = "https://pypi.org/simple" }
dependencies = [
    { name = "polars-runtime-32" },
]
sdist = { url = "https://files.pythonhosted.org/packages/93/ab/f19e592fce9e000da49c96bf35e77cef67f9cb4b040bfa538a2764c0263e/polars-1.39.3.tar.gz", hash = "sha256:2e016c7f3e8d14fa777ef86fe0477cec6c67023a20ba4c94d6e8431eefe4a63c", size = 728987, upload-time = "2026-03-20T11:16:24.836Z" }
wheels = [
    { url = "https://files.pythonhosted.org/packages/b4/db/08f4ca10c5018813e7e0b59e4472302328b3d2ab1512f5a2157a814540e0/polars-1.39.3-py3-none-any.whl", hash = "sha256:c2b955ccc0a08a2bc9259785decf3d5c007b489b523bf2390cf21cec2bb82a56", size = 823985, upload-time = "2026-03-20T11:14:23.619Z" },
]

[[package]]
name = "polars-runtime-32"
version = "1.39.3"
source = { registry = "https://pypi.org/simple" }
sdist = { url = "https://files.pythonhosted.org/packages/17/39/c8688696bc22b6c501e3b82ef3be10e543c07a785af5660f30997cd22dd2/polars_runtime_32-1.39.3.tar.gz", hash = "sha256:c728e4f469cafab501947585f36311b8fb222d3e934c6209e83791e0df20b29d", size = 2872335, upload-time = "2026-03-20T11:16:26.581Z" }
wheels = [
    { url = "https://files.pythonhosted.org/packages/3b/74/1b41205f7368c9375ab1dea91178eaa20435fe3eff036390a53a7660b416/polars_runtime_32-1.39.3-cp310-abi3-macosx_10_12_x86_64.whl", hash = "sha256:425c0b220b573fa097b4042edff73114cc6d23432a21dfd2dc41adf329d7d2e9", size = 45273243, upload-time = "2026-03-20T11:14:26.691Z" },
    { url = "https://files.pythonhosted.org/packages/90/bf/297716b3095fe719be20fcf7af1d2b6ab069c38199bbace2469608a69b3a/polars_runtime_32-1.39.3-cp310-abi3-macosx_11_0_arm64.whl", hash = "sha256:ef5884711e3c617d7dc93519a7d038e242f5741cfe5fe9afd32d58845d86c562", size = 40842924, upload-time = "2026-03-20T11:14:31.154Z" },
    { url = "https://files.pythonhosted.org/packages/3d/3e/e65236d9d0d9babfa0ecba593413c06530fca60a8feb8f66243aa5dba92e/polars_runtime_32-1.39.3-cp310-abi3-manylinux_2_17_aarch64.manylinux2014_aarch64.whl", hash = "sha256:06b47f535eb1f97a9a1e5b0053ef50db3a4276e241178e37bbb1a38b1fa53b14", size = 43220650, upload-time = "2026-03-20T11:14:35.458Z" },
    { url = "https://files.pythonhosted.org/packages/b0/15/fc3e43f3fdf3f20b7dfb5abe871ab6162cf8fb4aeabf4cfad822d5dc4c79/polars_runtime_32-1.39.3-cp310-abi3-manylinux_2_17_x86_64.manylinux2014_x86_64.whl", hash = "sha256:8bc9e13dc1d2e828331f2fe8ccbc9757554dc4933a8d3e85e906b988178f95ed", size = 46877498, upload-time = "2026-03-20T11:14:40.14Z" },
    { url = "https://files.pythonhosted.org/packages/3c/81/bd5f895919e32c6ab0a7786cd0c0ca961cb03152c47c3645808b54383f31/polars_runtime_32-1.39.3-cp310-abi3-musllinux_1_2_aarch64.whl", hash = "sha256:363d49e3a3e638fc943e2b9887940300a7d06789930855a178a4727949259dc2", size = 43380176, upload-time = "2026-03-20T11:14:45.566Z" },
    { url = "https://files.pythonhosted.org/packages/7a/3e/c86433c3b5ec0315bdfc7640d0c15d41f1216c0103a0eab9a9b5147d6c4c/polars_runtime_32-1.39.3-cp310-abi3-musllinux_1_2_x86_64.whl", hash = "sha256:7c206bdcc7bc62ea038d6adea8e44b02f0e675e0191a54c810703b4895208ea4", size = 46485933, upload-time = "2026-03-20T11:14:51.155Z" },
    { url = "https://files.pythonhosted.org/packages/54/ce/200b310cf91f98e652eb6ea09fdb3a9718aa0293ebf113dce325797c8572/polars_runtime_32-1.39.3-cp310-abi3-win_amd64.whl", hash = "sha256:d66ca522517554a883446957539c40dc7b75eb0c2220357fb28bc8940d305339", size = 46995458, upload-time = "2026-03-20T11:14:56.074Z" },
    { url = "https://files.pythonhosted.org/packages/da/76/2d48927e0aa2abbdde08cbf4a2536883b73277d47fbeca95e952de86df34/polars_runtime_32-1.39.3-cp310-abi3-win_arm64.whl", hash = "sha256:f49f51461de63f13e5dd4eb080421c8f23f856945f3f8bd5b2b1f59da52c2860", size = 41857648, upload-time = "2026-03-20T11:15:01.142Z" },
]

[[package]]
name = "win32-setctime"
version = "1.2.0"
source = { registry = "https://pypi.org/simple" }
sdist = { url = "https://files.pythonhosted.org/packages/b3/8f/705086c9d734d3b663af0e9bb3d4de6578d08f46b1b101c2442fd9aecaa2/win32_setctime-1.2.0.tar.gz", hash = "sha256:ae1fdf948f5640aae05c511ade119313fb6a30d7eabe25fef9764dca5873c4c0", size = 4867, upload-time = "2024-12-07T15:28:28.314Z" }
wheels = [
    { url = "https://files.pythonhosted.org/packages/e1/07/c6fe3ad3e685340704d314d765b7912993bcb8dc198f0e7a89382d37974b/win32_setctime-1.2.0-py3-none-any.whl", hash = "sha256:95d644c4e708aba81dc3704a116d8cbc974d70b3bdb8be1d150e36be6e9d1390", size = 4083, upload-time = "2024-12-07T15:28:26.465Z" },
]
