schema: '2.0'
stages:
  preprocessing-interim:
    cmd: uv run computer-vision preprocessing interim
    deps:
    - path: ./data/1.raw/ECDUY/
      hash: md5
      md5: cb374ae116ccb684e7fa0479ceea41e8.dir
      size: 24144389137
      nfiles: 24
    - path: ./src/computer_vision/preprocessing/interim.py
      hash: md5
      md5: c78a9d1b68d5d1f160954f7c257b37aa
      size: 971
    outs:
    - path: ./data/2.interim/ECDUY/
      hash: md5
      md5: 95236646d4fe2b63f60c744a398ac110.dir
      size: 19391857513
      nfiles: 23
  preprocessing-final:
    cmd: uv run computer-vision preprocessing final
    deps:
    - path: ./data/2.interim/ECDUY/
      hash: md5
      md5: 95236646d4fe2b63f60c744a398ac110.dir
      size: 19391857513
      nfiles: 23
    - path: ./src/computer_vision/preprocessing/final.py
      hash: md5
      md5: 37c94ce3803074b3f6f224688485fd60
      size: 1777
    outs:
    - path: ./data/3.final/ECDUY/
      hash: md5
      md5: a12f0a5d6d1fb9d388e84a9696cfe366.dir
      size: 21240900911
      nfiles: 112
  plot:
    cmd: uv run computer-vision plot
    deps:
    - path: ./data/3.final/ECDUY/
      hash: md5
      md5: a12f0a5d6d1fb9d388e84a9696cfe366.dir
      size: 21240900911
      nfiles: 112
    - path: ./src/computer_vision/plot.py
      hash: md5
      md5: 0f413fc59d718d44db6c97edaf02bf93
      size: 1028
    outs:
    - path: ./imgs/
      hash: md5
      md5: baebd21571df5d8251cd7ba033e74490.dir
      size: 6268709092
      nfiles: 999
  evaluate:
    cmd: uv run computer-vision evaluate
    deps:
    - path: ./data/3.final/ECDUY/
      hash: md5
      md5: a12f0a5d6d1fb9d388e84a9696cfe366.dir
      size: 21240900911
      nfiles: 112
    - path: ./src/computer_vision/evaluate.py
      hash: md5
      md5: dca4713b0dccaa35ff98e46e700f3beb
      size: 5305
    - path: ./src/computer_vision/forecasters.py
      hash: md5
      md5: c49d209c200595a019b993198eb78e17
      size: 4957
    - path: ./src/computer_vision/metrics.py
      hash: md5
      md5: 9a7b12a509eb45c5298e89634e2a3aff
      size: 1528
    params:
      params.yaml:
        general:
          fh: 24h
          model: lstm
          seed: 42
          cutoff: '2020-09-01T00:00:00-03:00'
          step: 96
          customer_ids:
          - 115138
          - 3904
          - 50176
          - 7001
          - 18052
        models.lstm:
          loss: huber
          optimizer: adam
          random_seed: 42
    outs:
    - path: ./eval/metrics.yaml
      hash: md5
      md5: 071b68cea10bf6fd4a8d21ef7863d6ee
      size: 337
    - path: ./eval/out/
      hash: md5
      md5: 3a8f8b1c481f1c4770f7ce53d463c110.dir
      size: 36196839
      nfiles: 5
